hash: f71b54d43314eb02e0f466e46e727ebeda421b9a2918bf2d3048515776fc8c50
updated: 2017-11-25T00:04:47.697111475-03:00
imports:
- name: github.com/citiaps/aysana-backend
  version: 63dfc52d91444bf18d610f8ebe5ba04f685ee90e
  subpackages:
  - utils
- name: github.com/gin-contrib/cors
  version: cf4846e6a636a76237a28d9286f163c132e841bc
- name: github.com/gin-contrib/sse
  version: 22d885f9ecc78bf4ee5d72b937e4bbcdc58e8cae
- name: github.com/gin-gonic/gin
  version: d459835d2b077e44f7c9b453505ee29881d5d12d
  subpackages:
  - binding
  - render
- name: github.com/golang/protobuf
  version: 1e59b77b52bf8e4b449a57e6f79f21226d571845
  subpackages:
  - proto
- name: github.com/jinzhu/gorm
  version: 5174cc5c242a728b435ea2be8a2f7f998e15429b
- name: github.com/jinzhu/inflection
  version: 1c35d901db3da928c72a72d8458480cc9ade058f
- name: github.com/lib/pq
  version: 8c6ee72f3e6bcb1542298dd5f76cb74af9742cec
  subpackages:
  - oid
- name: github.com/mattn/go-isatty
  version: 6ca4dbf54d38eea1a992b3c722a76a5d1c4cb25c
- name: github.com/NaySoftware/go-fcm
  version: 2a6c4f48b49f0d5dbfe621589da4c5405157d7c9
- name: github.com/olivere/elastic
  version: 05ae40d7e08c1e9894d32dfa2cb60d325fdab8b8
  subpackages:
  - config
  - uritemplates
- name: github.com/pkg/errors
  version: f15c970de5b76fac0b59abb32d62c17cc7bed265
- name: github.com/ugorji/go
  version: 84cb69a8af8316eed8cf4a3c9368a56977850062
  subpackages:
  - codec
- name: golang.org/x/net
  version: c7086645de248775cbf2373cf5ca4d2fa664b8c1
  subpackages:
  - context
  - context/ctxhttp
- name: golang.org/x/sys
  version: 4ff8c001ce4cc464e644b922325097228fce14d8
  subpackages:
  - unix
- name: googlemaps.github.io/maps
  version: 35da55b7ef7abd788b772cd2d33b1727b384b81c
  subpackages:
  - internal
- name: gopkg.in/appleboy/gin-jwt.v2
  version: f7347d7c16fc8297bf5b7215b9e4847a5ca05d90
- name: gopkg.in/dgrijalva/jwt-go.v3
  version: dbeaa9332f19a944acb5736b4456cfcc02140e29
- name: gopkg.in/go-playground/validator.v8
  version: 5f1438d3fca68893a817e4a66806cea46a9e4ebf
- name: gopkg.in/mgo.v2
  version: 3f83fa5005286a7fe593b055f0d7771a7dce4655
  subpackages:
  - bson
  - internal/json
  - internal/sasl
  - internal/scram
- name: gopkg.in/olivere/elastic.v5
  version: 96ea9c80d52a5474ec77a378ad8d147783b0bbf1
- name: gopkg.in/yaml.v2
  version: 287cf08546ab5e7e37d55a84f7ed3fd1db036de5
testImports: []
